
Microsoft Visual Studio Solution File, Format Version 12.00
# Visual Studio 2013
VisualStudioVersion = 12.0.30723.0
MinimumVisualStudioVersion = 10.0.40219.1
Project("{FAE04EC0-301F-11D3-BF4B-00C04F79EFBC}") = "ServiceStackTemplate.Web", "ServiceStackTemplate.Web\ServiceStackTemplate.Web.csproj", "{EB45D4E0-E00D-4B7F-BEF0-8F49E332CFAB}"
EndProject
Global
	GlobalSection(SolutionConfigurationPlatforms) = preSolution
		Debug|Any CPU = Debug|Any CPU
		Release|Any CPU = Release|Any CPU
	EndGlobalSection
	GlobalSection(ProjectConfigurationPlatforms) = postSolution
		{EB45D4E0-E00D-4B7F-BEF0-8F49E332CFAB}.Debug|Any CPU.ActiveCfg = Debug|Any CPU
		{EB45D4E0-E00D-4B7F-BEF0-8F49E332CFAB}.Debug|Any CPU.Build.0 = Debug|Any CPU
		{EB45D4E0-E00D-4B7F-BEF0-8F49E332CFAB}.Release|Any CPU.ActiveCfg = Release|Any CPU
		{EB45D4E0-E00D-4B7F-BEF0-8F49E332CFAB}.Release|Any CPU.Build.0 = Release|Any CPU
	EndGlobalSection
	GlobalSection(SolutionProperties) = preSolution
		HideSolutionNode = FALSE
	EndGlobalSection
EndGlobal
